
Microsoft Visual Studio Solution File, Format Version 12.00
# Visual Studio 2012
Project("{FAE04EC0-301F-11D3-BF4B-00C04F79EFBC}") = "ExploringRealm.Core", "ExploringRealm.Core\ExploringRealm.Core.csproj", "{06A90035-BA12-4886-B9CC-8D6B075A987E}"
EndProject
Project("{FAE04EC0-301F-11D3-BF4B-00C04F79EFBC}") = "ExploringRealm.iOS", "ExploringRealm.iOS\ExploringRealm.iOS.csproj", "{65CED2A8-AA93-4212-B71C-9455A9C4CBEB}"
EndProject
Project("{FAE04EC0-301F-11D3-BF4B-00C04F79EFBC}") = "ExploringRealm.Droid", "ExploringRealm.Droid\ExploringRealm.Droid.csproj", "{E4BA0DD6-6D42-40A5-A79F-902C2FAA1487}"
EndProject
Global
	GlobalSection(SolutionConfigurationPlatforms) = preSolution
		Debug|Any CPU = Debug|Any CPU
		Release|Any CPU = Release|Any CPU
		Debug|iPhoneSimulator = Debug|iPhoneSimulator
		Release|iPhone = Release|iPhone
		Release|iPhoneSimulator = Release|iPhoneSimulator
		Debug|iPhone = Debug|iPhone
	EndGlobalSection
	GlobalSection(ProjectConfigurationPlatforms) = postSolution
		{06A90035-BA12-4886-B9CC-8D6B075A987E}.Debug|Any CPU.ActiveCfg = Debug|Any CPU
		{06A90035-BA12-4886-B9CC-8D6B075A987E}.Debug|Any CPU.Build.0 = Debug|Any CPU
		{06A90035-BA12-4886-B9CC-8D6B075A987E}.Release|Any CPU.ActiveCfg = Release|Any CPU
		{06A90035-BA12-4886-B9CC-8D6B075A987E}.Release|Any CPU.Build.0 = Release|Any CPU
		{06A90035-BA12-4886-B9CC-8D6B075A987E}.Debug|iPhoneSimulator.ActiveCfg = Debug|Any CPU
		{06A90035-BA12-4886-B9CC-8D6B075A987E}.Debug|iPhoneSimulator.Build.0 = Debug|Any CPU
		{06A90035-BA12-4886-B9CC-8D6B075A987E}.Release|iPhone.ActiveCfg = Release|Any CPU
		{06A90035-BA12-4886-B9CC-8D6B075A987E}.Release|iPhone.Build.0 = Release|Any CPU
		{06A90035-BA12-4886-B9CC-8D6B075A987E}.Release|iPhoneSimulator.ActiveCfg = Release|Any CPU
		{06A90035-BA12-4886-B9CC-8D6B075A987E}.Release|iPhoneSimulator.Build.0 = Release|Any CPU
		{06A90035-BA12-4886-B9CC-8D6B075A987E}.Debug|iPhone.ActiveCfg = Debug|Any CPU
		{06A90035-BA12-4886-B9CC-8D6B075A987E}.Debug|iPhone.Build.0 = Debug|Any CPU
		{65CED2A8-AA93-4212-B71C-9455A9C4CBEB}.Debug|Any CPU.ActiveCfg = Debug|iPhoneSimulator
		{65CED2A8-AA93-4212-B71C-9455A9C4CBEB}.Debug|Any CPU.Build.0 = Debug|iPhoneSimulator
		{65CED2A8-AA93-4212-B71C-9455A9C4CBEB}.Release|Any CPU.ActiveCfg = Release|iPhone
		{65CED2A8-AA93-4212-B71C-9455A9C4CBEB}.Release|Any CPU.Build.0 = Release|iPhone
		{65CED2A8-AA93-4212-B71C-9455A9C4CBEB}.Debug|iPhoneSimulator.ActiveCfg = Debug|iPhoneSimulator
		{65CED2A8-AA93-4212-B71C-9455A9C4CBEB}.Debug|iPhoneSimulator.Build.0 = Debug|iPhoneSimulator
		{65CED2A8-AA93-4212-B71C-9455A9C4CBEB}.Release|iPhone.ActiveCfg = Release|iPhone
		{65CED2A8-AA93-4212-B71C-9455A9C4CBEB}.Release|iPhone.Build.0 = Release|iPhone
		{65CED2A8-AA93-4212-B71C-9455A9C4CBEB}.Release|iPhoneSimulator.ActiveCfg = Release|iPhoneSimulator
		{65CED2A8-AA93-4212-B71C-9455A9C4CBEB}.Release|iPhoneSimulator.Build.0 = Release|iPhoneSimulator
		{65CED2A8-AA93-4212-B71C-9455A9C4CBEB}.Debug|iPhone.ActiveCfg = Debug|iPhone
		{65CED2A8-AA93-4212-B71C-9455A9C4CBEB}.Debug|iPhone.Build.0 = Debug|iPhone
		{E4BA0DD6-6D42-40A5-A79F-902C2FAA1487}.Debug|Any CPU.ActiveCfg = Debug|Any CPU
		{E4BA0DD6-6D42-40A5-A79F-902C2FAA1487}.Debug|Any CPU.Build.0 = Debug|Any CPU
		{E4BA0DD6-6D42-40A5-A79F-902C2FAA1487}.Release|Any CPU.ActiveCfg = Release|Any CPU
		{E4BA0DD6-6D42-40A5-A79F-902C2FAA1487}.Release|Any CPU.Build.0 = Release|Any CPU
		{E4BA0DD6-6D42-40A5-A79F-902C2FAA1487}.Debug|iPhoneSimulator.ActiveCfg = Debug|Any CPU
		{E4BA0DD6-6D42-40A5-A79F-902C2FAA1487}.Debug|iPhoneSimulator.Build.0 = Debug|Any CPU
		{E4BA0DD6-6D42-40A5-A79F-902C2FAA1487}.Release|iPhone.ActiveCfg = Release|Any CPU
		{E4BA0DD6-6D42-40A5-A79F-902C2FAA1487}.Release|iPhone.Build.0 = Release|Any CPU
		{E4BA0DD6-6D42-40A5-A79F-902C2FAA1487}.Release|iPhoneSimulator.ActiveCfg = Release|Any CPU
		{E4BA0DD6-6D42-40A5-A79F-902C2FAA1487}.Release|iPhoneSimulator.Build.0 = Release|Any CPU
		{E4BA0DD6-6D42-40A5-A79F-902C2FAA1487}.Debug|iPhone.ActiveCfg = Debug|Any CPU
		{E4BA0DD6-6D42-40A5-A79F-902C2FAA1487}.Debug|iPhone.Build.0 = Debug|Any CPU
	EndGlobalSection
EndGlobal
